Microsoft Visual Studio Solution File, Format Version 8.00
Project("{F184B08F-C81C-45F6-A57F-5ABD9991F28F}") = "WindowsApplication3", "WindowsApplication3.vbproj", "{723FF196-156D-4A9A-A3E4-971279E00A20}"
	ProjectSection(ProjectDependencies) = postProject
	EndProjectSection
EndProject
Global
	GlobalSection(SolutionConfiguration) = preSolution
		Debug = Debug
		Release = Release
	EndGlobalSection
	GlobalSection(ProjectConfiguration) = postSolution
		{723FF196-156D-4A9A-A3E4-971279E00A20}.Debug.ActiveCfg = Debug|.NET
		{723FF196-156D-4A9A-A3E4-971279E00A20}.Debug.Build.0 = Debug|.NET
		{723FF196-156D-4A9A-A3E4-971279E00A20}.Release.ActiveCfg = Release|.NET
		{723FF196-156D-4A9A-A3E4-971279E00A20}.Release.Build.0 = Release|.NET
	EndGlobalSection
	GlobalSection(ExtensibilityGlobals) = postSolution
	EndGlobalSection
	GlobalSection(ExtensibilityAddIns) = postSolution
	EndGlobalSection
EndGlobal
