Microsoft Visual Studio Solution File, Format Version 8.00
Project("{F184B08F-C81C-45F6-A57F-5ABD9991F28F}") = "Client", "Client.vbproj", "{108AA11E-084A-4318-821E-3FDA9B0A098D}"
	ProjectSection(ProjectDependencies) = postProject
	EndProjectSection
EndProject
Global
	GlobalSection(SolutionConfiguration) = preSolution
		Debug = Debug
		Release = Release
	EndGlobalSection
	GlobalSection(ProjectConfiguration) = postSolution
		{108AA11E-084A-4318-821E-3FDA9B0A098D}.Debug.ActiveCfg = Debug|.NET
		{108AA11E-084A-4318-821E-3FDA9B0A098D}.Debug.Build.0 = Debug|.NET
		{108AA11E-084A-4318-821E-3FDA9B0A098D}.Release.ActiveCfg = Release|.NET
		{108AA11E-084A-4318-821E-3FDA9B0A098D}.Release.Build.0 = Release|.NET
	EndGlobalSection
	GlobalSection(ExtensibilityGlobals) = postSolution
	EndGlobalSection
	GlobalSection(ExtensibilityAddIns) = postSolution
	EndGlobalSection
EndGlobal
